
Microsoft Visual Studio Solution File, Format Version 12.00
# Visual Studio 15
Project("{FAE04EC0-301F-11D3-BF4B-00C04F79EFBC}") = "WebRTC.Droid.Binding", "src\WebRTC.Droid.Binding\WebRTC.Droid.Binding.csproj", "{7A7CA35C-13FC-4E57-A0E3-8619974BB41B}"
EndProject
Project("{FAE04EC0-301F-11D3-BF4B-00C04F79EFBC}") = "WebRTC.Abstraction", "src\WebRTC.Abstraction\WebRTC.Abstraction.csproj", "{15BAF860-547F-4E5F-AC88-97F4B47C5E4B}"
EndProject
Project("{FAE04EC0-301F-11D3-BF4B-00C04F79EFBC}") = "WebRTC.Droid", "src\WebRTC.Droid\WebRTC.Droid.csproj", "{345C6D31-5E81-4E50-90BE-E3A51B3EE890}"
EndProject
Project("{FAE04EC0-301F-11D3-BF4B-00C04F79EFBC}") = "WebRTC.iOS", "src\WebRTC.iOS\WebRTC.iOS.csproj", "{928F96AA-9E37-4254-8399-5D680CCAF2C7}"
EndProject
Project("{FAE04EC0-301F-11D3-BF4B-00C04F79EFBC}") = "WebRTC.iOS.Binding", "src\WebRTC.iOS.Binding\WebRTC.iOS.Binding.csproj", "{98BCCC65-7E7D-45AE-90CB-952CE4E641AC}"
EndProject
Project("{FAE04EC0-301F-11D3-BF4B-00C04F79EFBC}") = "WebRTC.Sample.Droid", "src\WebRTC.Sample.Droid\WebRTC.Sample.Droid.csproj", "{31925364-CE1F-402C-935F-E0233F6B51D3}"
EndProject
Global
	GlobalSection(SolutionConfigurationPlatforms) = preSolution
		Debug|anycpu = Debug|anycpu
		Release|anycpu = Release|anycpu
		Debug|iPhoneSimulator = Debug|iPhoneSimulator
		Release|iPhoneSimulator = Release|iPhoneSimulator
		Debug|iPhone = Debug|iPhone
		Release|iPhone = Release|iPhone
	EndGlobalSection
	GlobalSection(ProjectConfigurationPlatforms) = postSolution
		{7A7CA35C-13FC-4E57-A0E3-8619974BB41B}.Debug|anycpu.ActiveCfg = Debug|Any CPU
		{7A7CA35C-13FC-4E57-A0E3-8619974BB41B}.Debug|anycpu.Build.0 = Debug|Any CPU
		{7A7CA35C-13FC-4E57-A0E3-8619974BB41B}.Release|anycpu.ActiveCfg = Release|Any CPU
		{7A7CA35C-13FC-4E57-A0E3-8619974BB41B}.Release|anycpu.Build.0 = Release|Any CPU
		{7A7CA35C-13FC-4E57-A0E3-8619974BB41B}.Debug|iPhoneSimulator.ActiveCfg = Debug|Any CPU
		{7A7CA35C-13FC-4E57-A0E3-8619974BB41B}.Debug|iPhoneSimulator.Build.0 = Debug|Any CPU
		{7A7CA35C-13FC-4E57-A0E3-8619974BB41B}.Release|iPhoneSimulator.ActiveCfg = Release|Any CPU
		{7A7CA35C-13FC-4E57-A0E3-8619974BB41B}.Release|iPhoneSimulator.Build.0 = Release|Any CPU
		{7A7CA35C-13FC-4E57-A0E3-8619974BB41B}.Debug|iPhone.ActiveCfg = Debug|Any CPU
		{7A7CA35C-13FC-4E57-A0E3-8619974BB41B}.Debug|iPhone.Build.0 = Debug|Any CPU
		{7A7CA35C-13FC-4E57-A0E3-8619974BB41B}.Release|iPhone.ActiveCfg = Release|Any CPU
		{7A7CA35C-13FC-4E57-A0E3-8619974BB41B}.Release|iPhone.Build.0 = Release|Any CPU
		{15BAF860-547F-4E5F-AC88-97F4B47C5E4B}.Debug|anycpu.ActiveCfg = Debug|Any CPU
		{15BAF860-547F-4E5F-AC88-97F4B47C5E4B}.Debug|anycpu.Build.0 = Debug|Any CPU
		{15BAF860-547F-4E5F-AC88-97F4B47C5E4B}.Release|anycpu.ActiveCfg = Release|Any CPU
		{15BAF860-547F-4E5F-AC88-97F4B47C5E4B}.Release|anycpu.Build.0 = Release|Any CPU
		{15BAF860-547F-4E5F-AC88-97F4B47C5E4B}.Debug|iPhoneSimulator.ActiveCfg = Debug|Any CPU
		{15BAF860-547F-4E5F-AC88-97F4B47C5E4B}.Debug|iPhoneSimulator.Build.0 = Debug|Any CPU
		{15BAF860-547F-4E5F-AC88-97F4B47C5E4B}.Release|iPhoneSimulator.ActiveCfg = Release|Any CPU
		{15BAF860-547F-4E5F-AC88-97F4B47C5E4B}.Release|iPhoneSimulator.Build.0 = Release|Any CPU
		{15BAF860-547F-4E5F-AC88-97F4B47C5E4B}.Debug|iPhone.ActiveCfg = Debug|Any CPU
		{15BAF860-547F-4E5F-AC88-97F4B47C5E4B}.Debug|iPhone.Build.0 = Debug|Any CPU
		{15BAF860-547F-4E5F-AC88-97F4B47C5E4B}.Release|iPhone.ActiveCfg = Release|Any CPU
		{15BAF860-547F-4E5F-AC88-97F4B47C5E4B}.Release|iPhone.Build.0 = Release|Any CPU
		{345C6D31-5E81-4E50-90BE-E3A51B3EE890}.Debug|anycpu.ActiveCfg = Debug|Any CPU
		{345C6D31-5E81-4E50-90BE-E3A51B3EE890}.Debug|anycpu.Build.0 = Debug|Any CPU
		{345C6D31-5E81-4E50-90BE-E3A51B3EE890}.Release|anycpu.ActiveCfg = Release|Any CPU
		{345C6D31-5E81-4E50-90BE-E3A51B3EE890}.Release|anycpu.Build.0 = Release|Any CPU
		{345C6D31-5E81-4E50-90BE-E3A51B3EE890}.Debug|iPhoneSimulator.ActiveCfg = Debug|Any CPU
		{345C6D31-5E81-4E50-90BE-E3A51B3EE890}.Debug|iPhoneSimulator.Build.0 = Debug|Any CPU
		{345C6D31-5E81-4E50-90BE-E3A51B3EE890}.Release|iPhoneSimulator.ActiveCfg = Release|Any CPU
		{345C6D31-5E81-4E50-90BE-E3A51B3EE890}.Release|iPhoneSimulator.Build.0 = Release|Any CPU
		{345C6D31-5E81-4E50-90BE-E3A51B3EE890}.Debug|iPhone.ActiveCfg = Debug|Any CPU
		{345C6D31-5E81-4E50-90BE-E3A51B3EE890}.Debug|iPhone.Build.0 = Debug|Any CPU
		{345C6D31-5E81-4E50-90BE-E3A51B3EE890}.Release|iPhone.ActiveCfg = Release|Any CPU
		{345C6D31-5E81-4E50-90BE-E3A51B3EE890}.Release|iPhone.Build.0 = Release|Any CPU
		{928F96AA-9E37-4254-8399-5D680CCAF2C7}.Debug|anycpu.ActiveCfg = Debug|Any CPU
		{928F96AA-9E37-4254-8399-5D680CCAF2C7}.Debug|anycpu.Build.0 = Debug|Any CPU
		{928F96AA-9E37-4254-8399-5D680CCAF2C7}.Release|anycpu.ActiveCfg = Release|Any CPU
		{928F96AA-9E37-4254-8399-5D680CCAF2C7}.Release|anycpu.Build.0 = Release|Any CPU
		{928F96AA-9E37-4254-8399-5D680CCAF2C7}.Debug|iPhoneSimulator.ActiveCfg = Debug|Any CPU
		{928F96AA-9E37-4254-8399-5D680CCAF2C7}.Debug|iPhoneSimulator.Build.0 = Debug|Any CPU
		{928F96AA-9E37-4254-8399-5D680CCAF2C7}.Release|iPhoneSimulator.ActiveCfg = Release|Any CPU
		{928F96AA-9E37-4254-8399-5D680CCAF2C7}.Release|iPhoneSimulator.Build.0 = Release|Any CPU
		{928F96AA-9E37-4254-8399-5D680CCAF2C7}.Debug|iPhone.ActiveCfg = Debug|Any CPU
		{928F96AA-9E37-4254-8399-5D680CCAF2C7}.Debug|iPhone.Build.0 = Debug|Any CPU
		{928F96AA-9E37-4254-8399-5D680CCAF2C7}.Release|iPhone.ActiveCfg = Release|Any CPU
		{928F96AA-9E37-4254-8399-5D680CCAF2C7}.Release|iPhone.Build.0 = Release|Any CPU
		{98BCCC65-7E7D-45AE-90CB-952CE4E641AC}.Debug|anycpu.ActiveCfg = Debug|Any CPU
		{98BCCC65-7E7D-45AE-90CB-952CE4E641AC}.Debug|anycpu.Build.0 = Debug|Any CPU
		{98BCCC65-7E7D-45AE-90CB-952CE4E641AC}.Release|anycpu.ActiveCfg = Release|Any CPU
		{98BCCC65-7E7D-45AE-90CB-952CE4E641AC}.Release|anycpu.Build.0 = Release|Any CPU
		{98BCCC65-7E7D-45AE-90CB-952CE4E641AC}.Debug|iPhoneSimulator.ActiveCfg = Debug|Any CPU
		{98BCCC65-7E7D-45AE-90CB-952CE4E641AC}.Debug|iPhoneSimulator.Build.0 = Debug|Any CPU
		{98BCCC65-7E7D-45AE-90CB-952CE4E641AC}.Release|iPhoneSimulator.ActiveCfg = Release|Any CPU
		{98BCCC65-7E7D-45AE-90CB-952CE4E641AC}.Release|iPhoneSimulator.Build.0 = Release|Any CPU
		{98BCCC65-7E7D-45AE-90CB-952CE4E641AC}.Debug|iPhone.ActiveCfg = Debug|Any CPU
		{98BCCC65-7E7D-45AE-90CB-952CE4E641AC}.Debug|iPhone.Build.0 = Debug|Any CPU
		{98BCCC65-7E7D-45AE-90CB-952CE4E641AC}.Release|iPhone.ActiveCfg = Release|Any CPU
		{98BCCC65-7E7D-45AE-90CB-952CE4E641AC}.Release|iPhone.Build.0 = Release|Any CPU
		{31925364-CE1F-402C-935F-E0233F6B51D3}.Debug|anycpu.ActiveCfg = Debug|Any CPU
		{31925364-CE1F-402C-935F-E0233F6B51D3}.Debug|anycpu.Build.0 = Debug|Any CPU
		{31925364-CE1F-402C-935F-E0233F6B51D3}.Release|anycpu.ActiveCfg = Release|Any CPU
		{31925364-CE1F-402C-935F-E0233F6B51D3}.Release|anycpu.Build.0 = Release|Any CPU
		{31925364-CE1F-402C-935F-E0233F6B51D3}.Debug|iPhoneSimulator.ActiveCfg = Debug|Any CPU
		{31925364-CE1F-402C-935F-E0233F6B51D3}.Debug|iPhoneSimulator.Build.0 = Debug|Any CPU
		{31925364-CE1F-402C-935F-E0233F6B51D3}.Release|iPhoneSimulator.ActiveCfg = Release|Any CPU
		{31925364-CE1F-402C-935F-E0233F6B51D3}.Release|iPhoneSimulator.Build.0 = Release|Any CPU
		{31925364-CE1F-402C-935F-E0233F6B51D3}.Debug|iPhone.ActiveCfg = Debug|Any CPU
		{31925364-CE1F-402C-935F-E0233F6B51D3}.Debug|iPhone.Build.0 = Debug|Any CPU
		{31925364-CE1F-402C-935F-E0233F6B51D3}.Release|iPhone.ActiveCfg = Release|Any CPU
		{31925364-CE1F-402C-935F-E0233F6B51D3}.Release|iPhone.Build.0 = Release|Any CPU
	EndGlobalSection
EndGlobal
