
Microsoft Visual Studio Solution File, Format Version 12.00
# Visual Studio 15
VisualStudioVersion = 15.0.27130.2036
MinimumVisualStudioVersion = 10.0.40219.1
Project("{FAE04EC0-301F-11D3-BF4B-00C04F79EFBC}") = "PaperBoy.Android", "PaperBoy\PaperBoy.Android\PaperBoy.Android.csproj", "{171D71D3-B8B8-48CA-8774-2A6E96A64BA0}"
EndProject
Project("{FAE04EC0-301F-11D3-BF4B-00C04F79EFBC}") = "PaperBoy.iOS", "PaperBoy\PaperBoy.iOS\PaperBoy.iOS.csproj", "{80A8B83D-7898-476E-98ED-5B5B7BF3604D}"
EndProject
Project("{FAE04EC0-301F-11D3-BF4B-00C04F79EFBC}") = "PaperBoy.UWP", "PaperBoy\PaperBoy.UWP\PaperBoy.UWP.csproj", "{EA1DD005-5C7A-402A-BD87-66FA593B47D3}"
EndProject
Project("{9A19103F-16F7-4668-BE54-9A1E7A4F7556}") = "PaperBoy", "PaperBoy\PaperBoy\PaperBoy.csproj", "{1B4460E7-7CFB-4C1B-96D1-92852C506B72}"
EndProject
Global
	GlobalSection(SolutionConfigurationPlatforms) = preSolution
		Ad-Hoc|Any CPU = Ad-Hoc|Any CPU
		Ad-Hoc|ARM = Ad-Hoc|ARM
		Ad-Hoc|iPhone = Ad-Hoc|iPhone
		Ad-Hoc|iPhoneSimulator = Ad-Hoc|iPhoneSimulator
		Ad-Hoc|x64 = Ad-Hoc|x64
		Ad-Hoc|x86 = Ad-Hoc|x86
		AppStore|Any CPU = AppStore|Any CPU
		AppStore|ARM = AppStore|ARM
		AppStore|iPhone = AppStore|iPhone
		AppStore|iPhoneSimulator = AppStore|iPhoneSimulator
		AppStore|x64 = AppStore|x64
		AppStore|x86 = AppStore|x86
		Debug|Any CPU = Debug|Any CPU
		Debug|ARM = Debug|ARM
		Debug|iPhone = Debug|iPhone
		Debug|iPhoneSimulator = Debug|iPhoneSimulator
		Debug|x64 = Debug|x64
		Debug|x86 = Debug|x86
		Release|Any CPU = Release|Any CPU
		Release|ARM = Release|ARM
		Release|iPhone = Release|iPhone
		Release|iPhoneSimulator = Release|iPhoneSimulator
		Release|x64 = Release|x64
		Release|x86 = Release|x86
	EndGlobalSection
	GlobalSection(ProjectConfigurationPlatforms) = postSolution
		{171D71D3-B8B8-48CA-8774-2A6E96A64BA0}.Ad-Hoc|Any CPU.ActiveCfg = Release|Any CPU
		{171D71D3-B8B8-48CA-8774-2A6E96A64BA0}.Ad-Hoc|Any CPU.Build.0 = Release|Any CPU
		{171D71D3-B8B8-48CA-8774-2A6E96A64BA0}.Ad-Hoc|Any CPU.Deploy.0 = Release|Any CPU
		{171D71D3-B8B8-48CA-8774-2A6E96A64BA0}.Ad-Hoc|ARM.ActiveCfg = Release|Any CPU
		{171D71D3-B8B8-48CA-8774-2A6E96A64BA0}.Ad-Hoc|ARM.Build.0 = Release|Any CPU
		{171D71D3-B8B8-48CA-8774-2A6E96A64BA0}.Ad-Hoc|ARM.Deploy.0 = Release|Any CPU
		{171D71D3-B8B8-48CA-8774-2A6E96A64BA0}.Ad-Hoc|iPhone.ActiveCfg = Release|Any CPU
		{171D71D3-B8B8-48CA-8774-2A6E96A64BA0}.Ad-Hoc|iPhone.Build.0 = Release|Any CPU
		{171D71D3-B8B8-48CA-8774-2A6E96A64BA0}.Ad-Hoc|iPhone.Deploy.0 = Release|Any CPU
		{171D71D3-B8B8-48CA-8774-2A6E96A64BA0}.Ad-Hoc|iPhoneSimulator.ActiveCfg = Release|Any CPU
		{171D71D3-B8B8-48CA-8774-2A6E96A64BA0}.Ad-Hoc|iPhoneSimulator.Build.0 = Release|Any CPU
		{171D71D3-B8B8-48CA-8774-2A6E96A64BA0}.Ad-Hoc|iPhoneSimulator.Deploy.0 = Release|Any CPU
		{171D71D3-B8B8-48CA-8774-2A6E96A64BA0}.Ad-Hoc|x64.ActiveCfg = Release|Any CPU
		{171D71D3-B8B8-48CA-8774-2A6E96A64BA0}.Ad-Hoc|x64.Build.0 = Release|Any CPU
		{171D71D3-B8B8-48CA-8774-2A6E96A64BA0}.Ad-Hoc|x64.Deploy.0 = Release|Any CPU
		{171D71D3-B8B8-48CA-8774-2A6E96A64BA0}.Ad-Hoc|x86.ActiveCfg = Release|Any CPU
		{171D71D3-B8B8-48CA-8774-2A6E96A64BA0}.Ad-Hoc|x86.Build.0 = Release|Any CPU
		{171D71D3-B8B8-48CA-8774-2A6E96A64BA0}.Ad-Hoc|x86.Deploy.0 = Release|Any CPU
		{171D71D3-B8B8-48CA-8774-2A6E96A64BA0}.AppStore|Any CPU.ActiveCfg = Release|Any CPU
		{171D71D3-B8B8-48CA-8774-2A6E96A64BA0}.AppStore|Any CPU.Build.0 = Release|Any CPU
		{171D71D3-B8B8-48CA-8774-2A6E96A64BA0}.AppStore|Any CPU.Deploy.0 = Release|Any CPU
		{171D71D3-B8B8-48CA-8774-2A6E96A64BA0}.AppStore|ARM.ActiveCfg = Release|Any CPU
		{171D71D3-B8B8-48CA-8774-2A6E96A64BA0}.AppStore|ARM.Build.0 = Release|Any CPU
		{171D71D3-B8B8-48CA-8774-2A6E96A64BA0}.AppStore|ARM.Deploy.0 = Release|Any CPU
		{171D71D3-B8B8-48CA-8774-2A6E96A64BA0}.AppStore|iPhone.ActiveCfg = Release|Any CPU
		{171D71D3-B8B8-48CA-8774-2A6E96A64BA0}.AppStore|iPhone.Build.0 = Release|Any CPU
		{171D71D3-B8B8-48CA-8774-2A6E96A64BA0}.AppStore|iPhone.Deploy.0 = Release|Any CPU
		{171D71D3-B8B8-48CA-8774-2A6E96A64BA0}.AppStore|iPhoneSimulator.ActiveCfg = Release|Any CPU
		{171D71D3-B8B8-48CA-8774-2A6E96A64BA0}.AppStore|iPhoneSimulator.Build.0 = Release|Any CPU
		{171D71D3-B8B8-48CA-8774-2A6E96A64BA0}.AppStore|iPhoneSimulator.Deploy.0 = Release|Any CPU
		{171D71D3-B8B8-48CA-8774-2A6E96A64BA0}.AppStore|x64.ActiveCfg = Release|Any CPU
		{171D71D3-B8B8-48CA-8774-2A6E96A64BA0}.AppStore|x64.Build.0 = Release|Any CPU
		{171D71D3-B8B8-48CA-8774-2A6E96A64BA0}.AppStore|x64.Deploy.0 = Release|Any CPU
		{171D71D3-B8B8-48CA-8774-2A6E96A64BA0}.AppStore|x86.ActiveCfg = Release|Any CPU
		{171D71D3-B8B8-48CA-8774-2A6E96A64BA0}.AppStore|x86.Build.0 = Release|Any CPU
		{171D71D3-B8B8-48CA-8774-2A6E96A64BA0}.AppStore|x86.Deploy.0 = Release|Any CPU
		{171D71D3-B8B8-48CA-8774-2A6E96A64BA0}.Debug|Any CPU.ActiveCfg = Debug|Any CPU
		{171D71D3-B8B8-48CA-8774-2A6E96A64BA0}.Debug|Any CPU.Build.0 = Debug|Any CPU
		{171D71D3-B8B8-48CA-8774-2A6E96A64BA0}.Debug|Any CPU.Deploy.0 = Debug|Any CPU
		{171D71D3-B8B8-48CA-8774-2A6E96A64BA0}.Debug|ARM.ActiveCfg = Debug|Any CPU
		{171D71D3-B8B8-48CA-8774-2A6E96A64BA0}.Debug|ARM.Build.0 = Debug|Any CPU
		{171D71D3-B8B8-48CA-8774-2A6E96A64BA0}.Debug|ARM.Deploy.0 = Debug|Any CPU
		{171D71D3-B8B8-48CA-8774-2A6E96A64BA0}.Debug|iPhone.ActiveCfg = Debug|Any CPU
		{171D71D3-B8B8-48CA-8774-2A6E96A64BA0}.Debug|iPhone.Build.0 = Debug|Any CPU
		{171D71D3-B8B8-48CA-8774-2A6E96A64BA0}.Debug|iPhone.Deploy.0 = Debug|Any CPU
		{171D71D3-B8B8-48CA-8774-2A6E96A64BA0}.Debug|iPhoneSimulator.ActiveCfg = Debug|Any CPU
		{171D71D3-B8B8-48CA-8774-2A6E96A64BA0}.Debug|iPhoneSimulator.Build.0 = Debug|Any CPU
		{171D71D3-B8B8-48CA-8774-2A6E96A64BA0}.Debug|iPhoneSimulator.Deploy.0 = Debug|Any CPU
		{171D71D3-B8B8-48CA-8774-2A6E96A64BA0}.Debug|x64.ActiveCfg = Debug|Any CPU
		{171D71D3-B8B8-48CA-8774-2A6E96A64BA0}.Debug|x64.Build.0 = Debug|Any CPU
		{171D71D3-B8B8-48CA-8774-2A6E96A64BA0}.Debug|x64.Deploy.0 = Debug|Any CPU
		{171D71D3-B8B8-48CA-8774-2A6E96A64BA0}.Debug|x86.ActiveCfg = Debug|Any CPU
		{171D71D3-B8B8-48CA-8774-2A6E96A64BA0}.Debug|x86.Build.0 = Debug|Any CPU
		{171D71D3-B8B8-48CA-8774-2A6E96A64BA0}.Debug|x86.Deploy.0 = Debug|Any CPU
		{171D71D3-B8B8-48CA-8774-2A6E96A64BA0}.Release|Any CPU.ActiveCfg = Release|Any CPU
		{171D71D3-B8B8-48CA-8774-2A6E96A64BA0}.Release|Any CPU.Build.0 = Release|Any CPU
		{171D71D3-B8B8-48CA-8774-2A6E96A64BA0}.Release|Any CPU.Deploy.0 = Release|Any CPU
		{171D71D3-B8B8-48CA-8774-2A6E96A64BA0}.Release|ARM.ActiveCfg = Release|Any CPU
		{171D71D3-B8B8-48CA-8774-2A6E96A64BA0}.Release|ARM.Build.0 = Release|Any CPU
		{171D71D3-B8B8-48CA-8774-2A6E96A64BA0}.Release|ARM.Deploy.0 = Release|Any CPU
		{171D71D3-B8B8-48CA-8774-2A6E96A64BA0}.Release|iPhone.ActiveCfg = Release|Any CPU
		{171D71D3-B8B8-48CA-8774-2A6E96A64BA0}.Release|iPhone.Build.0 = Release|Any CPU
		{171D71D3-B8B8-48CA-8774-2A6E96A64BA0}.Release|iPhone.Deploy.0 = Release|Any CPU
		{171D71D3-B8B8-48CA-8774-2A6E96A64BA0}.Release|iPhoneSimulator.ActiveCfg = Release|Any CPU
		{171D71D3-B8B8-48CA-8774-2A6E96A64BA0}.Release|iPhoneSimulator.Build.0 = Release|Any CPU
		{171D71D3-B8B8-48CA-8774-2A6E96A64BA0}.Release|iPhoneSimulator.Deploy.0 = Release|Any CPU
		{171D71D3-B8B8-48CA-8774-2A6E96A64BA0}.Release|x64.ActiveCfg = Release|Any CPU
		{171D71D3-B8B8-48CA-8774-2A6E96A64BA0}.Release|x64.Build.0 = Release|Any CPU
		{171D71D3-B8B8-48CA-8774-2A6E96A64BA0}.Release|x64.Deploy.0 = Release|Any CPU
		{171D71D3-B8B8-48CA-8774-2A6E96A64BA0}.Release|x86.ActiveCfg = Release|Any CPU
		{171D71D3-B8B8-48CA-8774-2A6E96A64BA0}.Release|x86.Build.0 = Release|Any CPU
		{171D71D3-B8B8-48CA-8774-2A6E96A64BA0}.Release|x86.Deploy.0 = Release|Any CPU
		{80A8B83D-7898-476E-98ED-5B5B7BF3604D}.Ad-Hoc|Any CPU.ActiveCfg = Ad-Hoc|iPhone
		{80A8B83D-7898-476E-98ED-5B5B7BF3604D}.Ad-Hoc|ARM.ActiveCfg = Ad-Hoc|iPhone
		{80A8B83D-7898-476E-98ED-5B5B7BF3604D}.Ad-Hoc|iPhone.ActiveCfg = Ad-Hoc|iPhone
		{80A8B83D-7898-476E-98ED-5B5B7BF3604D}.Ad-Hoc|iPhone.Build.0 = Ad-Hoc|iPhone
		{80A8B83D-7898-476E-98ED-5B5B7BF3604D}.Ad-Hoc|iPhoneSimulator.ActiveCfg = Ad-Hoc|iPhoneSimulator
		{80A8B83D-7898-476E-98ED-5B5B7BF3604D}.Ad-Hoc|iPhoneSimulator.Build.0 = Ad-Hoc|iPhoneSimulator
		{80A8B83D-7898-476E-98ED-5B5B7BF3604D}.Ad-Hoc|x64.ActiveCfg = Ad-Hoc|iPhone
		{80A8B83D-7898-476E-98ED-5B5B7BF3604D}.Ad-Hoc|x86.ActiveCfg = Ad-Hoc|iPhone
		{80A8B83D-7898-476E-98ED-5B5B7BF3604D}.AppStore|Any CPU.ActiveCfg = AppStore|iPhone
		{80A8B83D-7898-476E-98ED-5B5B7BF3604D}.AppStore|ARM.ActiveCfg = AppStore|iPhone
		{80A8B83D-7898-476E-98ED-5B5B7BF3604D}.AppStore|iPhone.ActiveCfg = AppStore|iPhone
		{80A8B83D-7898-476E-98ED-5B5B7BF3604D}.AppStore|iPhone.Build.0 = AppStore|iPhone
		{80A8B83D-7898-476E-98ED-5B5B7BF3604D}.AppStore|iPhoneSimulator.ActiveCfg = AppStore|iPhoneSimulator
		{80A8B83D-7898-476E-98ED-5B5B7BF3604D}.AppStore|iPhoneSimulator.Build.0 = AppStore|iPhoneSimulator
		{80A8B83D-7898-476E-98ED-5B5B7BF3604D}.AppStore|x64.ActiveCfg = AppStore|iPhone
		{80A8B83D-7898-476E-98ED-5B5B7BF3604D}.AppStore|x86.ActiveCfg = AppStore|iPhone
		{80A8B83D-7898-476E-98ED-5B5B7BF3604D}.Debug|Any CPU.ActiveCfg = Debug|iPhone
		{80A8B83D-7898-476E-98ED-5B5B7BF3604D}.Debug|ARM.ActiveCfg = Debug|iPhone
		{80A8B83D-7898-476E-98ED-5B5B7BF3604D}.Debug|iPhone.ActiveCfg = Debug|iPhone
		{80A8B83D-7898-476E-98ED-5B5B7BF3604D}.Debug|iPhone.Build.0 = Debug|iPhone
		{80A8B83D-7898-476E-98ED-5B5B7BF3604D}.Debug|iPhoneSimulator.ActiveCfg = Debug|iPhoneSimulator
		{80A8B83D-7898-476E-98ED-5B5B7BF3604D}.Debug|iPhoneSimulator.Build.0 = Debug|iPhoneSimulator
		{80A8B83D-7898-476E-98ED-5B5B7BF3604D}.Debug|x64.ActiveCfg = Debug|iPhone
		{80A8B83D-7898-476E-98ED-5B5B7BF3604D}.Debug|x86.ActiveCfg = Debug|iPhone
		{80A8B83D-7898-476E-98ED-5B5B7BF3604D}.Release|Any CPU.ActiveCfg = Release|iPhone
		{80A8B83D-7898-476E-98ED-5B5B7BF3604D}.Release|ARM.ActiveCfg = Release|iPhone
		{80A8B83D-7898-476E-98ED-5B5B7BF3604D}.Release|iPhone.ActiveCfg = Release|iPhone
		{80A8B83D-7898-476E-98ED-5B5B7BF3604D}.Release|iPhone.Build.0 = Release|iPhone
		{80A8B83D-7898-476E-98ED-5B5B7BF3604D}.Release|iPhoneSimulator.ActiveCfg = Release|iPhoneSimulator
		{80A8B83D-7898-476E-98ED-5B5B7BF3604D}.Release|iPhoneSimulator.Build.0 = Release|iPhoneSimulator
		{80A8B83D-7898-476E-98ED-5B5B7BF3604D}.Release|x64.ActiveCfg = Release|iPhone
		{80A8B83D-7898-476E-98ED-5B5B7BF3604D}.Release|x86.ActiveCfg = Release|iPhone
		{EA1DD005-5C7A-402A-BD87-66FA593B47D3}.Ad-Hoc|Any CPU.ActiveCfg = Release|x86
		{EA1DD005-5C7A-402A-BD87-66FA593B47D3}.Ad-Hoc|Any CPU.Build.0 = Release|x86
		{EA1DD005-5C7A-402A-BD87-66FA593B47D3}.Ad-Hoc|Any CPU.Deploy.0 = Release|x86
		{EA1DD005-5C7A-402A-BD87-66FA593B47D3}.Ad-Hoc|ARM.ActiveCfg = Release|ARM
		{EA1DD005-5C7A-402A-BD87-66FA593B47D3}.Ad-Hoc|ARM.Build.0 = Release|ARM
		{EA1DD005-5C7A-402A-BD87-66FA593B47D3}.Ad-Hoc|ARM.Deploy.0 = Release|ARM
		{EA1DD005-5C7A-402A-BD87-66FA593B47D3}.Ad-Hoc|iPhone.ActiveCfg = Release|x86
		{EA1DD005-5C7A-402A-BD87-66FA593B47D3}.Ad-Hoc|iPhone.Build.0 = Release|x86
		{EA1DD005-5C7A-402A-BD87-66FA593B47D3}.Ad-Hoc|iPhone.Deploy.0 = Release|x86
		{EA1DD005-5C7A-402A-BD87-66FA593B47D3}.Ad-Hoc|iPhoneSimulator.ActiveCfg = Release|x86
		{EA1DD005-5C7A-402A-BD87-66FA593B47D3}.Ad-Hoc|iPhoneSimulator.Build.0 = Release|x86
		{EA1DD005-5C7A-402A-BD87-66FA593B47D3}.Ad-Hoc|iPhoneSimulator.Deploy.0 = Release|x86
		{EA1DD005-5C7A-402A-BD87-66FA593B47D3}.Ad-Hoc|x64.ActiveCfg = Release|x64
		{EA1DD005-5C7A-402A-BD87-66FA593B47D3}.Ad-Hoc|x64.Build.0 = Release|x64
		{EA1DD005-5C7A-402A-BD87-66FA593B47D3}.Ad-Hoc|x64.Deploy.0 = Release|x64
		{EA1DD005-5C7A-402A-BD87-66FA593B47D3}.Ad-Hoc|x86.ActiveCfg = Release|x86
		{EA1DD005-5C7A-402A-BD87-66FA593B47D3}.Ad-Hoc|x86.Build.0 = Release|x86
		{EA1DD005-5C7A-402A-BD87-66FA593B47D3}.Ad-Hoc|x86.Deploy.0 = Release|x86
		{EA1DD005-5C7A-402A-BD87-66FA593B47D3}.AppStore|Any CPU.ActiveCfg = Release|x86
		{EA1DD005-5C7A-402A-BD87-66FA593B47D3}.AppStore|Any CPU.Build.0 = Release|x86
		{EA1DD005-5C7A-402A-BD87-66FA593B47D3}.AppStore|Any CPU.Deploy.0 = Release|x86
		{EA1DD005-5C7A-402A-BD87-66FA593B47D3}.AppStore|ARM.ActiveCfg = Release|ARM
		{EA1DD005-5C7A-402A-BD87-66FA593B47D3}.AppStore|ARM.Build.0 = Release|ARM
		{EA1DD005-5C7A-402A-BD87-66FA593B47D3}.AppStore|ARM.Deploy.0 = Release|ARM
		{EA1DD005-5C7A-402A-BD87-66FA593B47D3}.AppStore|iPhone.ActiveCfg = Release|x86
		{EA1DD005-5C7A-402A-BD87-66FA593B47D3}.AppStore|iPhone.Build.0 = Release|x86
		{EA1DD005-5C7A-402A-BD87-66FA593B47D3}.AppStore|iPhone.Deploy.0 = Release|x86
		{EA1DD005-5C7A-402A-BD87-66FA593B47D3}.AppStore|iPhoneSimulator.ActiveCfg = Release|x86
		{EA1DD005-5C7A-402A-BD87-66FA593B47D3}.AppStore|iPhoneSimulator.Build.0 = Release|x86
		{EA1DD005-5C7A-402A-BD87-66FA593B47D3}.AppStore|iPhoneSimulator.Deploy.0 = Release|x86
		{EA1DD005-5C7A-402A-BD87-66FA593B47D3}.AppStore|x64.ActiveCfg = Release|x64
		{EA1DD005-5C7A-402A-BD87-66FA593B47D3}.AppStore|x64.Build.0 = Release|x64
		{EA1DD005-5C7A-402A-BD87-66FA593B47D3}.AppStore|x64.Deploy.0 = Release|x64
		{EA1DD005-5C7A-402A-BD87-66FA593B47D3}.AppStore|x86.ActiveCfg = Release|x86
		{EA1DD005-5C7A-402A-BD87-66FA593B47D3}.AppStore|x86.Build.0 = Release|x86
		{EA1DD005-5C7A-402A-BD87-66FA593B47D3}.AppStore|x86.Deploy.0 = Release|x86
		{EA1DD005-5C7A-402A-BD87-66FA593B47D3}.Debug|Any CPU.ActiveCfg = Debug|x86
		{EA1DD005-5C7A-402A-BD87-66FA593B47D3}.Debug|ARM.ActiveCfg = Debug|ARM
		{EA1DD005-5C7A-402A-BD87-66FA593B47D3}.Debug|ARM.Build.0 = Debug|ARM
		{EA1DD005-5C7A-402A-BD87-66FA593B47D3}.Debug|ARM.Deploy.0 = Debug|ARM
		{EA1DD005-5C7A-402A-BD87-66FA593B47D3}.Debug|iPhone.ActiveCfg = Debug|x86
		{EA1DD005-5C7A-402A-BD87-66FA593B47D3}.Debug|iPhoneSimulator.ActiveCfg = Debug|x86
		{EA1DD005-5C7A-402A-BD87-66FA593B47D3}.Debug|x64.ActiveCfg = Debug|x64
		{EA1DD005-5C7A-402A-BD87-66FA593B47D3}.Debug|x64.Build.0 = Debug|x64
		{EA1DD005-5C7A-402A-BD87-66FA593B47D3}.Debug|x64.Deploy.0 = Debug|x64
		{EA1DD005-5C7A-402A-BD87-66FA593B47D3}.Debug|x86.ActiveCfg = Debug|x86
		{EA1DD005-5C7A-402A-BD87-66FA593B47D3}.Debug|x86.Build.0 = Debug|x86
		{EA1DD005-5C7A-402A-BD87-66FA593B47D3}.Debug|x86.Deploy.0 = Debug|x86
		{EA1DD005-5C7A-402A-BD87-66FA593B47D3}.Release|Any CPU.ActiveCfg = Release|x86
		{EA1DD005-5C7A-402A-BD87-66FA593B47D3}.Release|ARM.ActiveCfg = Release|ARM
		{EA1DD005-5C7A-402A-BD87-66FA593B47D3}.Release|ARM.Build.0 = Release|ARM
		{EA1DD005-5C7A-402A-BD87-66FA593B47D3}.Release|ARM.Deploy.0 = Release|ARM
		{EA1DD005-5C7A-402A-BD87-66FA593B47D3}.Release|iPhone.ActiveCfg = Release|x86
		{EA1DD005-5C7A-402A-BD87-66FA593B47D3}.Release|iPhoneSimulator.ActiveCfg = Release|x86
		{EA1DD005-5C7A-402A-BD87-66FA593B47D3}.Release|x64.ActiveCfg = Release|x64
		{EA1DD005-5C7A-402A-BD87-66FA593B47D3}.Release|x64.Build.0 = Release|x64
		{EA1DD005-5C7A-402A-BD87-66FA593B47D3}.Release|x64.Deploy.0 = Release|x64
		{EA1DD005-5C7A-402A-BD87-66FA593B47D3}.Release|x86.ActiveCfg = Release|x86
		{EA1DD005-5C7A-402A-BD87-66FA593B47D3}.Release|x86.Build.0 = Release|x86
		{EA1DD005-5C7A-402A-BD87-66FA593B47D3}.Release|x86.Deploy.0 = Release|x86
		{1B4460E7-7CFB-4C1B-96D1-92852C506B72}.Ad-Hoc|Any CPU.ActiveCfg = Debug|Any CPU
		{1B4460E7-7CFB-4C1B-96D1-92852C506B72}.Ad-Hoc|Any CPU.Build.0 = Debug|Any CPU
		{1B4460E7-7CFB-4C1B-96D1-92852C506B72}.Ad-Hoc|ARM.ActiveCfg = Debug|Any CPU
		{1B4460E7-7CFB-4C1B-96D1-92852C506B72}.Ad-Hoc|ARM.Build.0 = Debug|Any CPU
		{1B4460E7-7CFB-4C1B-96D1-92852C506B72}.Ad-Hoc|iPhone.ActiveCfg = Debug|Any CPU
		{1B4460E7-7CFB-4C1B-96D1-92852C506B72}.Ad-Hoc|iPhone.Build.0 = Debug|Any CPU
		{1B4460E7-7CFB-4C1B-96D1-92852C506B72}.Ad-Hoc|iPhoneSimulator.ActiveCfg = Debug|Any CPU
		{1B4460E7-7CFB-4C1B-96D1-92852C506B72}.Ad-Hoc|iPhoneSimulator.Build.0 = Debug|Any CPU
		{1B4460E7-7CFB-4C1B-96D1-92852C506B72}.Ad-Hoc|x64.ActiveCfg = Debug|Any CPU
		{1B4460E7-7CFB-4C1B-96D1-92852C506B72}.Ad-Hoc|x64.Build.0 = Debug|Any CPU
		{1B4460E7-7CFB-4C1B-96D1-92852C506B72}.Ad-Hoc|x86.ActiveCfg = Debug|Any CPU
		{1B4460E7-7CFB-4C1B-96D1-92852C506B72}.Ad-Hoc|x86.Build.0 = Debug|Any CPU
		{1B4460E7-7CFB-4C1B-96D1-92852C506B72}.AppStore|Any CPU.ActiveCfg = Debug|Any CPU
		{1B4460E7-7CFB-4C1B-96D1-92852C506B72}.AppStore|Any CPU.Build.0 = Debug|Any CPU
		{1B4460E7-7CFB-4C1B-96D1-92852C506B72}.AppStore|ARM.ActiveCfg = Debug|Any CPU
		{1B4460E7-7CFB-4C1B-96D1-92852C506B72}.AppStore|ARM.Build.0 = Debug|Any CPU
		{1B4460E7-7CFB-4C1B-96D1-92852C506B72}.AppStore|iPhone.ActiveCfg = Debug|Any CPU
		{1B4460E7-7CFB-4C1B-96D1-92852C506B72}.AppStore|iPhone.Build.0 = Debug|Any CPU
		{1B4460E7-7CFB-4C1B-96D1-92852C506B72}.AppStore|iPhoneSimulator.ActiveCfg = Debug|Any CPU
		{1B4460E7-7CFB-4C1B-96D1-92852C506B72}.AppStore|iPhoneSimulator.Build.0 = Debug|Any CPU
		{1B4460E7-7CFB-4C1B-96D1-92852C506B72}.AppStore|x64.ActiveCfg = Debug|Any CPU
		{1B4460E7-7CFB-4C1B-96D1-92852C506B72}.AppStore|x64.Build.0 = Debug|Any CPU
		{1B4460E7-7CFB-4C1B-96D1-92852C506B72}.AppStore|x86.ActiveCfg = Debug|Any CPU
		{1B4460E7-7CFB-4C1B-96D1-92852C506B72}.AppStore|x86.Build.0 = Debug|Any CPU
		{1B4460E7-7CFB-4C1B-96D1-92852C506B72}.Debug|Any CPU.ActiveCfg = Debug|Any CPU
		{1B4460E7-7CFB-4C1B-96D1-92852C506B72}.Debug|Any CPU.Build.0 = Debug|Any CPU
		{1B4460E7-7CFB-4C1B-96D1-92852C506B72}.Debug|ARM.ActiveCfg = Debug|Any CPU
		{1B4460E7-7CFB-4C1B-96D1-92852C506B72}.Debug|ARM.Build.0 = Debug|Any CPU
		{1B4460E7-7CFB-4C1B-96D1-92852C506B72}.Debug|iPhone.ActiveCfg = Debug|Any CPU
		{1B4460E7-7CFB-4C1B-96D1-92852C506B72}.Debug|iPhone.Build.0 = Debug|Any CPU
		{1B4460E7-7CFB-4C1B-96D1-92852C506B72}.Debug|iPhoneSimulator.ActiveCfg = Debug|Any CPU
		{1B4460E7-7CFB-4C1B-96D1-92852C506B72}.Debug|iPhoneSimulator.Build.0 = Debug|Any CPU
		{1B4460E7-7CFB-4C1B-96D1-92852C506B72}.Debug|x64.ActiveCfg = Debug|Any CPU
		{1B4460E7-7CFB-4C1B-96D1-92852C506B72}.Debug|x64.Build.0 = Debug|Any CPU
		{1B4460E7-7CFB-4C1B-96D1-92852C506B72}.Debug|x86.ActiveCfg = Debug|Any CPU
		{1B4460E7-7CFB-4C1B-96D1-92852C506B72}.Debug|x86.Build.0 = Debug|Any CPU
		{1B4460E7-7CFB-4C1B-96D1-92852C506B72}.Release|Any CPU.ActiveCfg = Release|Any CPU
		{1B4460E7-7CFB-4C1B-96D1-92852C506B72}.Release|Any CPU.Build.0 = Release|Any CPU
		{1B4460E7-7CFB-4C1B-96D1-92852C506B72}.Release|ARM.ActiveCfg = Release|Any CPU
		{1B4460E7-7CFB-4C1B-96D1-92852C506B72}.Release|ARM.Build.0 = Release|Any CPU
		{1B4460E7-7CFB-4C1B-96D1-92852C506B72}.Release|iPhone.ActiveCfg = Release|Any CPU
		{1B4460E7-7CFB-4C1B-96D1-92852C506B72}.Release|iPhone.Build.0 = Release|Any CPU
		{1B4460E7-7CFB-4C1B-96D1-92852C506B72}.Release|iPhoneSimulator.ActiveCfg = Release|Any CPU
		{1B4460E7-7CFB-4C1B-96D1-92852C506B72}.Release|iPhoneSimulator.Build.0 = Release|Any CPU
		{1B4460E7-7CFB-4C1B-96D1-92852C506B72}.Release|x64.ActiveCfg = Release|Any CPU
		{1B4460E7-7CFB-4C1B-96D1-92852C506B72}.Release|x64.Build.0 = Release|Any CPU
		{1B4460E7-7CFB-4C1B-96D1-92852C506B72}.Release|x86.ActiveCfg = Release|Any CPU
		{1B4460E7-7CFB-4C1B-96D1-92852C506B72}.Release|x86.Build.0 = Release|Any CPU
	EndGlobalSection
	GlobalSection(SolutionProperties) = preSolution
		HideSolutionNode = FALSE
	EndGlobalSection
	GlobalSection(ExtensibilityGlobals) = postSolution
		SolutionGuid = {6DEDDF47-0E06-420B-9042-C089AFED229E}
	EndGlobalSection
EndGlobal
