
Microsoft Visual Studio Solution File, Format Version 12.00
# Visual Studio Version 16
VisualStudioVersion = 16.0.31025.218
MinimumVisualStudioVersion = 10.0.40219.1
Project("{FAE04EC0-301F-11D3-BF4B-00C04F79EFBC}") = "LifecycleXShow.UWP", "LifecycleXShow\LifecycleXShow.UWP\LifecycleXShow.UWP.csproj", "{E8061FC4-27B0-4F99-A68E-6E1D59A782C8}"
EndProject
Project("{FAE04EC0-301F-11D3-BF4B-00C04F79EFBC}") = "LifecycleXShow.Android", "LifecycleXShow\LifecycleXShow.Android\LifecycleXShow.Android.csproj", "{319043BF-0E76-487F-A439-EE06EDF58C4A}"
EndProject
Project("{FAE04EC0-301F-11D3-BF4B-00C04F79EFBC}") = "LifecycleXShow.iOS", "LifecycleXShow\LifecycleXShow.iOS\LifecycleXShow.iOS.csproj", "{526660F2-32B0-495D-9268-768AF76BB869}"
EndProject
Project("{FAE04EC0-301F-11D3-BF4B-00C04F79EFBC}") = "LifecycleXShow", "LifecycleXShow\LifecycleXShow\LifecycleXShow.csproj", "{D7A7DC86-872D-431A-9164-F14093630A71}"
EndProject
Global
	GlobalSection(SolutionConfigurationPlatforms) = preSolution
		Debug|Any CPU = Debug|Any CPU
		Debug|ARM = Debug|ARM
		Debug|iPhone = Debug|iPhone
		Debug|iPhoneSimulator = Debug|iPhoneSimulator
		Debug|x64 = Debug|x64
		Debug|x86 = Debug|x86
		Release|Any CPU = Release|Any CPU
		Release|ARM = Release|ARM
		Release|iPhone = Release|iPhone
		Release|iPhoneSimulator = Release|iPhoneSimulator
		Release|x64 = Release|x64
		Release|x86 = Release|x86
	EndGlobalSection
	GlobalSection(ProjectConfigurationPlatforms) = postSolution
		{E8061FC4-27B0-4F99-A68E-6E1D59A782C8}.Debug|Any CPU.ActiveCfg = Debug|x86
		{E8061FC4-27B0-4F99-A68E-6E1D59A782C8}.Debug|Any CPU.Build.0 = Debug|x86
		{E8061FC4-27B0-4F99-A68E-6E1D59A782C8}.Debug|Any CPU.Deploy.0 = Debug|x86
		{E8061FC4-27B0-4F99-A68E-6E1D59A782C8}.Debug|ARM.ActiveCfg = Debug|ARM
		{E8061FC4-27B0-4F99-A68E-6E1D59A782C8}.Debug|ARM.Build.0 = Debug|ARM
		{E8061FC4-27B0-4F99-A68E-6E1D59A782C8}.Debug|ARM.Deploy.0 = Debug|ARM
		{E8061FC4-27B0-4F99-A68E-6E1D59A782C8}.Debug|iPhone.ActiveCfg = Debug|x86
		{E8061FC4-27B0-4F99-A68E-6E1D59A782C8}.Debug|iPhone.Build.0 = Debug|x86
		{E8061FC4-27B0-4F99-A68E-6E1D59A782C8}.Debug|iPhone.Deploy.0 = Debug|x86
		{E8061FC4-27B0-4F99-A68E-6E1D59A782C8}.Debug|iPhoneSimulator.ActiveCfg = Debug|x86
		{E8061FC4-27B0-4F99-A68E-6E1D59A782C8}.Debug|iPhoneSimulator.Build.0 = Debug|x86
		{E8061FC4-27B0-4F99-A68E-6E1D59A782C8}.Debug|iPhoneSimulator.Deploy.0 = Debug|x86
		{E8061FC4-27B0-4F99-A68E-6E1D59A782C8}.Debug|x64.ActiveCfg = Debug|x64
		{E8061FC4-27B0-4F99-A68E-6E1D59A782C8}.Debug|x64.Build.0 = Debug|x64
		{E8061FC4-27B0-4F99-A68E-6E1D59A782C8}.Debug|x64.Deploy.0 = Debug|x64
		{E8061FC4-27B0-4F99-A68E-6E1D59A782C8}.Debug|x86.ActiveCfg = Debug|x86
		{E8061FC4-27B0-4F99-A68E-6E1D59A782C8}.Debug|x86.Build.0 = Debug|x86
		{E8061FC4-27B0-4F99-A68E-6E1D59A782C8}.Debug|x86.Deploy.0 = Debug|x86
		{E8061FC4-27B0-4F99-A68E-6E1D59A782C8}.Release|Any CPU.ActiveCfg = Release|x86
		{E8061FC4-27B0-4F99-A68E-6E1D59A782C8}.Release|Any CPU.Build.0 = Release|x86
		{E8061FC4-27B0-4F99-A68E-6E1D59A782C8}.Release|Any CPU.Deploy.0 = Release|x86
		{E8061FC4-27B0-4F99-A68E-6E1D59A782C8}.Release|ARM.ActiveCfg = Release|ARM
		{E8061FC4-27B0-4F99-A68E-6E1D59A782C8}.Release|ARM.Build.0 = Release|ARM
		{E8061FC4-27B0-4F99-A68E-6E1D59A782C8}.Release|ARM.Deploy.0 = Release|ARM
		{E8061FC4-27B0-4F99-A68E-6E1D59A782C8}.Release|iPhone.ActiveCfg = Release|x86
		{E8061FC4-27B0-4F99-A68E-6E1D59A782C8}.Release|iPhone.Build.0 = Release|x86
		{E8061FC4-27B0-4F99-A68E-6E1D59A782C8}.Release|iPhone.Deploy.0 = Release|x86
		{E8061FC4-27B0-4F99-A68E-6E1D59A782C8}.Release|iPhoneSimulator.ActiveCfg = Release|x86
		{E8061FC4-27B0-4F99-A68E-6E1D59A782C8}.Release|iPhoneSimulator.Build.0 = Release|x86
		{E8061FC4-27B0-4F99-A68E-6E1D59A782C8}.Release|iPhoneSimulator.Deploy.0 = Release|x86
		{E8061FC4-27B0-4F99-A68E-6E1D59A782C8}.Release|x64.ActiveCfg = Release|x64
		{E8061FC4-27B0-4F99-A68E-6E1D59A782C8}.Release|x64.Build.0 = Release|x64
		{E8061FC4-27B0-4F99-A68E-6E1D59A782C8}.Release|x64.Deploy.0 = Release|x64
		{E8061FC4-27B0-4F99-A68E-6E1D59A782C8}.Release|x86.ActiveCfg = Release|x86
		{E8061FC4-27B0-4F99-A68E-6E1D59A782C8}.Release|x86.Build.0 = Release|x86
		{E8061FC4-27B0-4F99-A68E-6E1D59A782C8}.Release|x86.Deploy.0 = Release|x86
		{319043BF-0E76-487F-A439-EE06EDF58C4A}.Debug|Any CPU.ActiveCfg = Debug|Any CPU
		{319043BF-0E76-487F-A439-EE06EDF58C4A}.Debug|Any CPU.Build.0 = Debug|Any CPU
		{319043BF-0E76-487F-A439-EE06EDF58C4A}.Debug|Any CPU.Deploy.0 = Debug|Any CPU
		{319043BF-0E76-487F-A439-EE06EDF58C4A}.Debug|ARM.ActiveCfg = Debug|Any CPU
		{319043BF-0E76-487F-A439-EE06EDF58C4A}.Debug|ARM.Build.0 = Debug|Any CPU
		{319043BF-0E76-487F-A439-EE06EDF58C4A}.Debug|ARM.Deploy.0 = Debug|Any CPU
		{319043BF-0E76-487F-A439-EE06EDF58C4A}.Debug|iPhone.ActiveCfg = Debug|Any CPU
		{319043BF-0E76-487F-A439-EE06EDF58C4A}.Debug|iPhone.Build.0 = Debug|Any CPU
		{319043BF-0E76-487F-A439-EE06EDF58C4A}.Debug|iPhone.Deploy.0 = Debug|Any CPU
		{319043BF-0E76-487F-A439-EE06EDF58C4A}.Debug|iPhoneSimulator.ActiveCfg = Debug|Any CPU
		{319043BF-0E76-487F-A439-EE06EDF58C4A}.Debug|iPhoneSimulator.Build.0 = Debug|Any CPU
		{319043BF-0E76-487F-A439-EE06EDF58C4A}.Debug|iPhoneSimulator.Deploy.0 = Debug|Any CPU
		{319043BF-0E76-487F-A439-EE06EDF58C4A}.Debug|x64.ActiveCfg = Debug|Any CPU
		{319043BF-0E76-487F-A439-EE06EDF58C4A}.Debug|x64.Build.0 = Debug|Any CPU
		{319043BF-0E76-487F-A439-EE06EDF58C4A}.Debug|x64.Deploy.0 = Debug|Any CPU
		{319043BF-0E76-487F-A439-EE06EDF58C4A}.Debug|x86.ActiveCfg = Debug|Any CPU
		{319043BF-0E76-487F-A439-EE06EDF58C4A}.Debug|x86.Build.0 = Debug|Any CPU
		{319043BF-0E76-487F-A439-EE06EDF58C4A}.Debug|x86.Deploy.0 = Debug|Any CPU
		{319043BF-0E76-487F-A439-EE06EDF58C4A}.Release|Any CPU.ActiveCfg = Release|Any CPU
		{319043BF-0E76-487F-A439-EE06EDF58C4A}.Release|Any CPU.Build.0 = Release|Any CPU
		{319043BF-0E76-487F-A439-EE06EDF58C4A}.Release|Any CPU.Deploy.0 = Release|Any CPU
		{319043BF-0E76-487F-A439-EE06EDF58C4A}.Release|ARM.ActiveCfg = Release|Any CPU
		{319043BF-0E76-487F-A439-EE06EDF58C4A}.Release|ARM.Build.0 = Release|Any CPU
		{319043BF-0E76-487F-A439-EE06EDF58C4A}.Release|ARM.Deploy.0 = Release|Any CPU
		{319043BF-0E76-487F-A439-EE06EDF58C4A}.Release|iPhone.ActiveCfg = Release|Any CPU
		{319043BF-0E76-487F-A439-EE06EDF58C4A}.Release|iPhone.Build.0 = Release|Any CPU
		{319043BF-0E76-487F-A439-EE06EDF58C4A}.Release|iPhone.Deploy.0 = Release|Any CPU
		{319043BF-0E76-487F-A439-EE06EDF58C4A}.Release|iPhoneSimulator.ActiveCfg = Release|Any CPU
		{319043BF-0E76-487F-A439-EE06EDF58C4A}.Release|iPhoneSimulator.Build.0 = Release|Any CPU
		{319043BF-0E76-487F-A439-EE06EDF58C4A}.Release|iPhoneSimulator.Deploy.0 = Release|Any CPU
		{319043BF-0E76-487F-A439-EE06EDF58C4A}.Release|x64.ActiveCfg = Release|Any CPU
		{319043BF-0E76-487F-A439-EE06EDF58C4A}.Release|x64.Build.0 = Release|Any CPU
		{319043BF-0E76-487F-A439-EE06EDF58C4A}.Release|x64.Deploy.0 = Release|Any CPU
		{319043BF-0E76-487F-A439-EE06EDF58C4A}.Release|x86.ActiveCfg = Release|Any CPU
		{319043BF-0E76-487F-A439-EE06EDF58C4A}.Release|x86.Build.0 = Release|Any CPU
		{319043BF-0E76-487F-A439-EE06EDF58C4A}.Release|x86.Deploy.0 = Release|Any CPU
		{526660F2-32B0-495D-9268-768AF76BB869}.Debug|Any CPU.ActiveCfg = Debug|iPhoneSimulator
		{526660F2-32B0-495D-9268-768AF76BB869}.Debug|Any CPU.Build.0 = Debug|iPhoneSimulator
		{526660F2-32B0-495D-9268-768AF76BB869}.Debug|Any CPU.Deploy.0 = Debug|iPhoneSimulator
		{526660F2-32B0-495D-9268-768AF76BB869}.Debug|ARM.ActiveCfg = Debug|iPhone
		{526660F2-32B0-495D-9268-768AF76BB869}.Debug|ARM.Build.0 = Debug|iPhone
		{526660F2-32B0-495D-9268-768AF76BB869}.Debug|ARM.Deploy.0 = Debug|iPhone
		{526660F2-32B0-495D-9268-768AF76BB869}.Debug|iPhone.ActiveCfg = Debug|iPhone
		{526660F2-32B0-495D-9268-768AF76BB869}.Debug|iPhone.Build.0 = Debug|iPhone
		{526660F2-32B0-495D-9268-768AF76BB869}.Debug|iPhone.Deploy.0 = Debug|iPhone
		{526660F2-32B0-495D-9268-768AF76BB869}.Debug|iPhoneSimulator.ActiveCfg = Debug|iPhoneSimulator
		{526660F2-32B0-495D-9268-768AF76BB869}.Debug|iPhoneSimulator.Build.0 = Debug|iPhoneSimulator
		{526660F2-32B0-495D-9268-768AF76BB869}.Debug|iPhoneSimulator.Deploy.0 = Debug|iPhoneSimulator
		{526660F2-32B0-495D-9268-768AF76BB869}.Debug|x64.ActiveCfg = Debug|iPhoneSimulator
		{526660F2-32B0-495D-9268-768AF76BB869}.Debug|x64.Build.0 = Debug|iPhoneSimulator
		{526660F2-32B0-495D-9268-768AF76BB869}.Debug|x64.Deploy.0 = Debug|iPhoneSimulator
		{526660F2-32B0-495D-9268-768AF76BB869}.Debug|x86.ActiveCfg = Debug|iPhoneSimulator
		{526660F2-32B0-495D-9268-768AF76BB869}.Debug|x86.Build.0 = Debug|iPhoneSimulator
		{526660F2-32B0-495D-9268-768AF76BB869}.Debug|x86.Deploy.0 = Debug|iPhoneSimulator
		{526660F2-32B0-495D-9268-768AF76BB869}.Release|Any CPU.ActiveCfg = Release|iPhoneSimulator
		{526660F2-32B0-495D-9268-768AF76BB869}.Release|Any CPU.Build.0 = Release|iPhoneSimulator
		{526660F2-32B0-495D-9268-768AF76BB869}.Release|Any CPU.Deploy.0 = Release|iPhoneSimulator
		{526660F2-32B0-495D-9268-768AF76BB869}.Release|ARM.ActiveCfg = Release|iPhoneSimulator
		{526660F2-32B0-495D-9268-768AF76BB869}.Release|ARM.Build.0 = Release|iPhoneSimulator
		{526660F2-32B0-495D-9268-768AF76BB869}.Release|ARM.Deploy.0 = Release|iPhoneSimulator
		{526660F2-32B0-495D-9268-768AF76BB869}.Release|iPhone.ActiveCfg = Release|iPhone
		{526660F2-32B0-495D-9268-768AF76BB869}.Release|iPhone.Build.0 = Release|iPhone
		{526660F2-32B0-495D-9268-768AF76BB869}.Release|iPhone.Deploy.0 = Release|iPhone
		{526660F2-32B0-495D-9268-768AF76BB869}.Release|iPhoneSimulator.ActiveCfg = Release|iPhoneSimulator
		{526660F2-32B0-495D-9268-768AF76BB869}.Release|iPhoneSimulator.Build.0 = Release|iPhoneSimulator
		{526660F2-32B0-495D-9268-768AF76BB869}.Release|iPhoneSimulator.Deploy.0 = Release|iPhoneSimulator
		{526660F2-32B0-495D-9268-768AF76BB869}.Release|x64.ActiveCfg = Release|iPhoneSimulator
		{526660F2-32B0-495D-9268-768AF76BB869}.Release|x64.Build.0 = Release|iPhoneSimulator
		{526660F2-32B0-495D-9268-768AF76BB869}.Release|x64.Deploy.0 = Release|iPhoneSimulator
		{526660F2-32B0-495D-9268-768AF76BB869}.Release|x86.ActiveCfg = Release|iPhoneSimulator
		{526660F2-32B0-495D-9268-768AF76BB869}.Release|x86.Build.0 = Release|iPhoneSimulator
		{526660F2-32B0-495D-9268-768AF76BB869}.Release|x86.Deploy.0 = Release|iPhoneSimulator
		{D7A7DC86-872D-431A-9164-F14093630A71}.Debug|Any CPU.ActiveCfg = Debug|Any CPU
		{D7A7DC86-872D-431A-9164-F14093630A71}.Debug|Any CPU.Build.0 = Debug|Any CPU
		{D7A7DC86-872D-431A-9164-F14093630A71}.Debug|Any CPU.Deploy.0 = Debug|Any CPU
		{D7A7DC86-872D-431A-9164-F14093630A71}.Debug|ARM.ActiveCfg = Debug|Any CPU
		{D7A7DC86-872D-431A-9164-F14093630A71}.Debug|ARM.Build.0 = Debug|Any CPU
		{D7A7DC86-872D-431A-9164-F14093630A71}.Debug|ARM.Deploy.0 = Debug|Any CPU
		{D7A7DC86-872D-431A-9164-F14093630A71}.Debug|iPhone.ActiveCfg = Debug|Any CPU
		{D7A7DC86-872D-431A-9164-F14093630A71}.Debug|iPhone.Build.0 = Debug|Any CPU
		{D7A7DC86-872D-431A-9164-F14093630A71}.Debug|iPhone.Deploy.0 = Debug|Any CPU
		{D7A7DC86-872D-431A-9164-F14093630A71}.Debug|iPhoneSimulator.ActiveCfg = Debug|Any CPU
		{D7A7DC86-872D-431A-9164-F14093630A71}.Debug|iPhoneSimulator.Build.0 = Debug|Any CPU
		{D7A7DC86-872D-431A-9164-F14093630A71}.Debug|iPhoneSimulator.Deploy.0 = Debug|Any CPU
		{D7A7DC86-872D-431A-9164-F14093630A71}.Debug|x64.ActiveCfg = Debug|Any CPU
		{D7A7DC86-872D-431A-9164-F14093630A71}.Debug|x64.Build.0 = Debug|Any CPU
		{D7A7DC86-872D-431A-9164-F14093630A71}.Debug|x64.Deploy.0 = Debug|Any CPU
		{D7A7DC86-872D-431A-9164-F14093630A71}.Debug|x86.ActiveCfg = Debug|Any CPU
		{D7A7DC86-872D-431A-9164-F14093630A71}.Debug|x86.Build.0 = Debug|Any CPU
		{D7A7DC86-872D-431A-9164-F14093630A71}.Debug|x86.Deploy.0 = Debug|Any CPU
		{D7A7DC86-872D-431A-9164-F14093630A71}.Release|Any CPU.ActiveCfg = Release|Any CPU
		{D7A7DC86-872D-431A-9164-F14093630A71}.Release|Any CPU.Build.0 = Release|Any CPU
		{D7A7DC86-872D-431A-9164-F14093630A71}.Release|Any CPU.Deploy.0 = Release|Any CPU
		{D7A7DC86-872D-431A-9164-F14093630A71}.Release|ARM.ActiveCfg = Release|Any CPU
		{D7A7DC86-872D-431A-9164-F14093630A71}.Release|ARM.Build.0 = Release|Any CPU
		{D7A7DC86-872D-431A-9164-F14093630A71}.Release|ARM.Deploy.0 = Release|Any CPU
		{D7A7DC86-872D-431A-9164-F14093630A71}.Release|iPhone.ActiveCfg = Release|Any CPU
		{D7A7DC86-872D-431A-9164-F14093630A71}.Release|iPhone.Build.0 = Release|Any CPU
		{D7A7DC86-872D-431A-9164-F14093630A71}.Release|iPhone.Deploy.0 = Release|Any CPU
		{D7A7DC86-872D-431A-9164-F14093630A71}.Release|iPhoneSimulator.ActiveCfg = Release|Any CPU
		{D7A7DC86-872D-431A-9164-F14093630A71}.Release|iPhoneSimulator.Build.0 = Release|Any CPU
		{D7A7DC86-872D-431A-9164-F14093630A71}.Release|iPhoneSimulator.Deploy.0 = Release|Any CPU
		{D7A7DC86-872D-431A-9164-F14093630A71}.Release|x64.ActiveCfg = Release|Any CPU
		{D7A7DC86-872D-431A-9164-F14093630A71}.Release|x64.Build.0 = Release|Any CPU
		{D7A7DC86-872D-431A-9164-F14093630A71}.Release|x64.Deploy.0 = Release|Any CPU
		{D7A7DC86-872D-431A-9164-F14093630A71}.Release|x86.ActiveCfg = Release|Any CPU
		{D7A7DC86-872D-431A-9164-F14093630A71}.Release|x86.Build.0 = Release|Any CPU
		{D7A7DC86-872D-431A-9164-F14093630A71}.Release|x86.Deploy.0 = Release|Any CPU
	EndGlobalSection
	GlobalSection(SolutionProperties) = preSolution
		HideSolutionNode = FALSE
	EndGlobalSection
	GlobalSection(ExtensibilityGlobals) = postSolution
		SolutionGuid = {800D56D7-0C84-4BC1-B2B0-0A490AD503ED}
	EndGlobalSection
EndGlobal
