
Microsoft Visual Studio Solution File, Format Version 12.00
# Visual Studio Version 16
VisualStudioVersion = 16.0.31313.79
MinimumVisualStudioVersion = 10.0.40219.1
Project("{FAE04EC0-301F-11D3-BF4B-00C04F79EFBC}") = "TestApp.Android", "TestApp.Android\TestApp.Android.csproj", "{A10FDA54-EC13-46D1-8F41-FB5355D9CF92}"
EndProject
Project("{FAE04EC0-301F-11D3-BF4B-00C04F79EFBC}") = "TestApp.iOS", "TestApp.iOS\TestApp.iOS.csproj", "{0ECB6675-2A8C-4B33-876B-EB65C4A33730}"
EndProject
Project("{9A19103F-16F7-4668-BE54-9A1E7A4F7556}") = "TestApp", "TestApp\TestApp.csproj", "{5142A102-618A-4E75-8F48-B2F951E9243B}"
EndProject
Project("{FAE04EC0-301F-11D3-BF4B-00C04F79EFBC}") = "UnitTestProject", "UnitTestProject\UnitTestProject.csproj", "{CBB92E64-3671-49D9-98A2-2549BB999BE2}"
EndProject
Global
	GlobalSection(SolutionConfigurationPlatforms) = preSolution
		Debug|Any CPU = Debug|Any CPU
		Debug|iPhone = Debug|iPhone
		Debug|iPhoneSimulator = Debug|iPhoneSimulator
		Release|Any CPU = Release|Any CPU
		Release|iPhone = Release|iPhone
		Release|iPhoneSimulator = Release|iPhoneSimulator
	EndGlobalSection
	GlobalSection(ProjectConfigurationPlatforms) = postSolution
		{A10FDA54-EC13-46D1-8F41-FB5355D9CF92}.Debug|Any CPU.ActiveCfg = Debug|Any CPU
		{A10FDA54-EC13-46D1-8F41-FB5355D9CF92}.Debug|Any CPU.Build.0 = Debug|Any CPU
		{A10FDA54-EC13-46D1-8F41-FB5355D9CF92}.Debug|Any CPU.Deploy.0 = Debug|Any CPU
		{A10FDA54-EC13-46D1-8F41-FB5355D9CF92}.Debug|iPhone.ActiveCfg = Debug|Any CPU
		{A10FDA54-EC13-46D1-8F41-FB5355D9CF92}.Debug|iPhone.Build.0 = Debug|Any CPU
		{A10FDA54-EC13-46D1-8F41-FB5355D9CF92}.Debug|iPhone.Deploy.0 = Debug|Any CPU
		{A10FDA54-EC13-46D1-8F41-FB5355D9CF92}.Debug|iPhoneSimulator.ActiveCfg = Debug|Any CPU
		{A10FDA54-EC13-46D1-8F41-FB5355D9CF92}.Debug|iPhoneSimulator.Build.0 = Debug|Any CPU
		{A10FDA54-EC13-46D1-8F41-FB5355D9CF92}.Debug|iPhoneSimulator.Deploy.0 = Debug|Any CPU
		{A10FDA54-EC13-46D1-8F41-FB5355D9CF92}.Release|Any CPU.ActiveCfg = Release|Any CPU
		{A10FDA54-EC13-46D1-8F41-FB5355D9CF92}.Release|Any CPU.Build.0 = Release|Any CPU
		{A10FDA54-EC13-46D1-8F41-FB5355D9CF92}.Release|Any CPU.Deploy.0 = Release|Any CPU
		{A10FDA54-EC13-46D1-8F41-FB5355D9CF92}.Release|iPhone.ActiveCfg = Release|Any CPU
		{A10FDA54-EC13-46D1-8F41-FB5355D9CF92}.Release|iPhone.Build.0 = Release|Any CPU
		{A10FDA54-EC13-46D1-8F41-FB5355D9CF92}.Release|iPhone.Deploy.0 = Release|Any CPU
		{A10FDA54-EC13-46D1-8F41-FB5355D9CF92}.Release|iPhoneSimulator.ActiveCfg = Release|Any CPU
		{A10FDA54-EC13-46D1-8F41-FB5355D9CF92}.Release|iPhoneSimulator.Build.0 = Release|Any CPU
		{A10FDA54-EC13-46D1-8F41-FB5355D9CF92}.Release|iPhoneSimulator.Deploy.0 = Release|Any CPU
		{0ECB6675-2A8C-4B33-876B-EB65C4A33730}.Debug|Any CPU.ActiveCfg = Debug|iPhone
		{0ECB6675-2A8C-4B33-876B-EB65C4A33730}.Debug|Any CPU.Build.0 = Debug|iPhone
		{0ECB6675-2A8C-4B33-876B-EB65C4A33730}.Debug|Any CPU.Deploy.0 = Debug|iPhone
		{0ECB6675-2A8C-4B33-876B-EB65C4A33730}.Debug|iPhone.ActiveCfg = Debug|iPhone
		{0ECB6675-2A8C-4B33-876B-EB65C4A33730}.Debug|iPhone.Build.0 = Debug|iPhone
		{0ECB6675-2A8C-4B33-876B-EB65C4A33730}.Debug|iPhone.Deploy.0 = Debug|iPhone
		{0ECB6675-2A8C-4B33-876B-EB65C4A33730}.Debug|iPhoneSimulator.ActiveCfg = Debug|iPhoneSimulator
		{0ECB6675-2A8C-4B33-876B-EB65C4A33730}.Debug|iPhoneSimulator.Build.0 = Debug|iPhoneSimulator
		{0ECB6675-2A8C-4B33-876B-EB65C4A33730}.Debug|iPhoneSimulator.Deploy.0 = Debug|iPhoneSimulator
		{0ECB6675-2A8C-4B33-876B-EB65C4A33730}.Release|Any CPU.ActiveCfg = Release|iPhoneSimulator
		{0ECB6675-2A8C-4B33-876B-EB65C4A33730}.Release|Any CPU.Build.0 = Release|iPhoneSimulator
		{0ECB6675-2A8C-4B33-876B-EB65C4A33730}.Release|Any CPU.Deploy.0 = Release|iPhoneSimulator
		{0ECB6675-2A8C-4B33-876B-EB65C4A33730}.Release|iPhone.ActiveCfg = Release|iPhone
		{0ECB6675-2A8C-4B33-876B-EB65C4A33730}.Release|iPhone.Build.0 = Release|iPhone
		{0ECB6675-2A8C-4B33-876B-EB65C4A33730}.Release|iPhone.Deploy.0 = Release|iPhone
		{0ECB6675-2A8C-4B33-876B-EB65C4A33730}.Release|iPhoneSimulator.ActiveCfg = Release|iPhoneSimulator
		{0ECB6675-2A8C-4B33-876B-EB65C4A33730}.Release|iPhoneSimulator.Build.0 = Release|iPhoneSimulator
		{0ECB6675-2A8C-4B33-876B-EB65C4A33730}.Release|iPhoneSimulator.Deploy.0 = Release|iPhoneSimulator
		{5142A102-618A-4E75-8F48-B2F951E9243B}.Debug|Any CPU.ActiveCfg = Debug|Any CPU
		{5142A102-618A-4E75-8F48-B2F951E9243B}.Debug|Any CPU.Build.0 = Debug|Any CPU
		{5142A102-618A-4E75-8F48-B2F951E9243B}.Debug|Any CPU.Deploy.0 = Debug|Any CPU
		{5142A102-618A-4E75-8F48-B2F951E9243B}.Debug|iPhone.ActiveCfg = Debug|Any CPU
		{5142A102-618A-4E75-8F48-B2F951E9243B}.Debug|iPhone.Build.0 = Debug|Any CPU
		{5142A102-618A-4E75-8F48-B2F951E9243B}.Debug|iPhone.Deploy.0 = Debug|Any CPU
		{5142A102-618A-4E75-8F48-B2F951E9243B}.Debug|iPhoneSimulator.ActiveCfg = Debug|Any CPU
		{5142A102-618A-4E75-8F48-B2F951E9243B}.Debug|iPhoneSimulator.Build.0 = Debug|Any CPU
		{5142A102-618A-4E75-8F48-B2F951E9243B}.Debug|iPhoneSimulator.Deploy.0 = Debug|Any CPU
		{5142A102-618A-4E75-8F48-B2F951E9243B}.Release|Any CPU.ActiveCfg = Release|Any CPU
		{5142A102-618A-4E75-8F48-B2F951E9243B}.Release|Any CPU.Build.0 = Release|Any CPU
		{5142A102-618A-4E75-8F48-B2F951E9243B}.Release|Any CPU.Deploy.0 = Release|Any CPU
		{5142A102-618A-4E75-8F48-B2F951E9243B}.Release|iPhone.ActiveCfg = Release|Any CPU
		{5142A102-618A-4E75-8F48-B2F951E9243B}.Release|iPhone.Build.0 = Release|Any CPU
		{5142A102-618A-4E75-8F48-B2F951E9243B}.Release|iPhone.Deploy.0 = Release|Any CPU
		{5142A102-618A-4E75-8F48-B2F951E9243B}.Release|iPhoneSimulator.ActiveCfg = Release|Any CPU
		{5142A102-618A-4E75-8F48-B2F951E9243B}.Release|iPhoneSimulator.Build.0 = Release|Any CPU
		{5142A102-618A-4E75-8F48-B2F951E9243B}.Release|iPhoneSimulator.Deploy.0 = Release|Any CPU
		{CBB92E64-3671-49D9-98A2-2549BB999BE2}.Debug|Any CPU.ActiveCfg = Debug|Any CPU
		{CBB92E64-3671-49D9-98A2-2549BB999BE2}.Debug|Any CPU.Build.0 = Debug|Any CPU
		{CBB92E64-3671-49D9-98A2-2549BB999BE2}.Debug|iPhone.ActiveCfg = Debug|Any CPU
		{CBB92E64-3671-49D9-98A2-2549BB999BE2}.Debug|iPhone.Build.0 = Debug|Any CPU
		{CBB92E64-3671-49D9-98A2-2549BB999BE2}.Debug|iPhoneSimulator.ActiveCfg = Debug|Any CPU
		{CBB92E64-3671-49D9-98A2-2549BB999BE2}.Debug|iPhoneSimulator.Build.0 = Debug|Any CPU
		{CBB92E64-3671-49D9-98A2-2549BB999BE2}.Release|Any CPU.ActiveCfg = Release|Any CPU
		{CBB92E64-3671-49D9-98A2-2549BB999BE2}.Release|Any CPU.Build.0 = Release|Any CPU
		{CBB92E64-3671-49D9-98A2-2549BB999BE2}.Release|iPhone.ActiveCfg = Release|Any CPU
		{CBB92E64-3671-49D9-98A2-2549BB999BE2}.Release|iPhone.Build.0 = Release|Any CPU
		{CBB92E64-3671-49D9-98A2-2549BB999BE2}.Release|iPhoneSimulator.ActiveCfg = Release|Any CPU
		{CBB92E64-3671-49D9-98A2-2549BB999BE2}.Release|iPhoneSimulator.Build.0 = Release|Any CPU
	EndGlobalSection
	GlobalSection(SolutionProperties) = preSolution
		HideSolutionNode = FALSE
	EndGlobalSection
	GlobalSection(ExtensibilityGlobals) = postSolution
		SolutionGuid = {28C16B3F-0C60-404F-8EDA-434E8585EFAB}
	EndGlobalSection
EndGlobal
