
Microsoft Visual Studio Solution File, Format Version 12.00
# Visual Studio Version 16
VisualStudioVersion = 16.0.29806.167
MinimumVisualStudioVersion = 10.0.40219.1
Project("{9A19103F-16F7-4668-BE54-9A1E7A4F7556}") = "XFCP", "XFCP\XFCP.csproj", "{46153351-EE3E-4A4D-AB7C-07E7075DCFEB}"
EndProject
Project("{FAE04EC0-301F-11D3-BF4B-00C04F79EFBC}") = "XFCP.Android", "XFCP.Android\XFCP.Android.csproj", "{FE332549-81AE-4166-B39D-91B4C6EFB7A5}"
EndProject
Project("{FAE04EC0-301F-11D3-BF4B-00C04F79EFBC}") = "XFCP.iOS", "XFCP.iOS\XFCP.iOS.csproj", "{D148C529-DF7A-45F1-A3E5-AF9D5036E8A0}"
EndProject
Project("{9A19103F-16F7-4668-BE54-9A1E7A4F7556}") = "XFCP.MobileAppService", "XFCP.MobileAppService\XFCP.MobileAppService.csproj", "{CD29924E-DE70-45A7-AC31-B27A68DE524E}"
EndProject
Global
	GlobalSection(SolutionConfigurationPlatforms) = preSolution
		Debug|Any CPU = Debug|Any CPU
		Debug|iPhone = Debug|iPhone
		Debug|iPhoneSimulator = Debug|iPhoneSimulator
		Release|Any CPU = Release|Any CPU
		Release|iPhone = Release|iPhone
		Release|iPhoneSimulator = Release|iPhoneSimulator
	EndGlobalSection
	GlobalSection(ProjectConfigurationPlatforms) = postSolution
		{46153351-EE3E-4A4D-AB7C-07E7075DCFEB}.Debug|Any CPU.ActiveCfg = Debug|Any CPU
		{46153351-EE3E-4A4D-AB7C-07E7075DCFEB}.Debug|Any CPU.Build.0 = Debug|Any CPU
		{46153351-EE3E-4A4D-AB7C-07E7075DCFEB}.Debug|iPhone.ActiveCfg = Debug|Any CPU
		{46153351-EE3E-4A4D-AB7C-07E7075DCFEB}.Debug|iPhone.Build.0 = Debug|Any CPU
		{46153351-EE3E-4A4D-AB7C-07E7075DCFEB}.Debug|iPhoneSimulator.ActiveCfg = Debug|Any CPU
		{46153351-EE3E-4A4D-AB7C-07E7075DCFEB}.Debug|iPhoneSimulator.Build.0 = Debug|Any CPU
		{46153351-EE3E-4A4D-AB7C-07E7075DCFEB}.Release|Any CPU.ActiveCfg = Release|Any CPU
		{46153351-EE3E-4A4D-AB7C-07E7075DCFEB}.Release|Any CPU.Build.0 = Release|Any CPU
		{46153351-EE3E-4A4D-AB7C-07E7075DCFEB}.Release|iPhone.ActiveCfg = Release|Any CPU
		{46153351-EE3E-4A4D-AB7C-07E7075DCFEB}.Release|iPhone.Build.0 = Release|Any CPU
		{46153351-EE3E-4A4D-AB7C-07E7075DCFEB}.Release|iPhoneSimulator.ActiveCfg = Release|Any CPU
		{46153351-EE3E-4A4D-AB7C-07E7075DCFEB}.Release|iPhoneSimulator.Build.0 = Release|Any CPU
		{FE332549-81AE-4166-B39D-91B4C6EFB7A5}.Debug|Any CPU.ActiveCfg = Debug|Any CPU
		{FE332549-81AE-4166-B39D-91B4C6EFB7A5}.Debug|Any CPU.Build.0 = Debug|Any CPU
		{FE332549-81AE-4166-B39D-91B4C6EFB7A5}.Debug|Any CPU.Deploy.0 = Debug|Any CPU
		{FE332549-81AE-4166-B39D-91B4C6EFB7A5}.Debug|iPhone.ActiveCfg = Debug|Any CPU
		{FE332549-81AE-4166-B39D-91B4C6EFB7A5}.Debug|iPhone.Build.0 = Debug|Any CPU
		{FE332549-81AE-4166-B39D-91B4C6EFB7A5}.Debug|iPhone.Deploy.0 = Debug|Any CPU
		{FE332549-81AE-4166-B39D-91B4C6EFB7A5}.Debug|iPhoneSimulator.ActiveCfg = Debug|Any CPU
		{FE332549-81AE-4166-B39D-91B4C6EFB7A5}.Debug|iPhoneSimulator.Build.0 = Debug|Any CPU
		{FE332549-81AE-4166-B39D-91B4C6EFB7A5}.Debug|iPhoneSimulator.Deploy.0 = Debug|Any CPU
		{FE332549-81AE-4166-B39D-91B4C6EFB7A5}.Release|Any CPU.ActiveCfg = Release|Any CPU
		{FE332549-81AE-4166-B39D-91B4C6EFB7A5}.Release|Any CPU.Build.0 = Release|Any CPU
		{FE332549-81AE-4166-B39D-91B4C6EFB7A5}.Release|Any CPU.Deploy.0 = Release|Any CPU
		{FE332549-81AE-4166-B39D-91B4C6EFB7A5}.Release|iPhone.ActiveCfg = Release|Any CPU
		{FE332549-81AE-4166-B39D-91B4C6EFB7A5}.Release|iPhone.Build.0 = Release|Any CPU
		{FE332549-81AE-4166-B39D-91B4C6EFB7A5}.Release|iPhone.Deploy.0 = Release|Any CPU
		{FE332549-81AE-4166-B39D-91B4C6EFB7A5}.Release|iPhoneSimulator.ActiveCfg = Release|Any CPU
		{FE332549-81AE-4166-B39D-91B4C6EFB7A5}.Release|iPhoneSimulator.Build.0 = Release|Any CPU
		{FE332549-81AE-4166-B39D-91B4C6EFB7A5}.Release|iPhoneSimulator.Deploy.0 = Release|Any CPU
		{D148C529-DF7A-45F1-A3E5-AF9D5036E8A0}.Debug|Any CPU.ActiveCfg = Debug|iPhone
		{D148C529-DF7A-45F1-A3E5-AF9D5036E8A0}.Debug|iPhone.ActiveCfg = Debug|iPhone
		{D148C529-DF7A-45F1-A3E5-AF9D5036E8A0}.Debug|iPhone.Build.0 = Debug|iPhone
		{D148C529-DF7A-45F1-A3E5-AF9D5036E8A0}.Debug|iPhoneSimulator.ActiveCfg = Debug|iPhoneSimulator
		{D148C529-DF7A-45F1-A3E5-AF9D5036E8A0}.Debug|iPhoneSimulator.Build.0 = Debug|iPhoneSimulator
		{D148C529-DF7A-45F1-A3E5-AF9D5036E8A0}.Release|Any CPU.ActiveCfg = Release|iPhone
		{D148C529-DF7A-45F1-A3E5-AF9D5036E8A0}.Release|iPhone.ActiveCfg = Release|iPhone
		{D148C529-DF7A-45F1-A3E5-AF9D5036E8A0}.Release|iPhone.Build.0 = Release|iPhone
		{D148C529-DF7A-45F1-A3E5-AF9D5036E8A0}.Release|iPhoneSimulator.ActiveCfg = Release|iPhoneSimulator
		{D148C529-DF7A-45F1-A3E5-AF9D5036E8A0}.Release|iPhoneSimulator.Build.0 = Release|iPhoneSimulator
		{CD29924E-DE70-45A7-AC31-B27A68DE524E}.Debug|Any CPU.ActiveCfg = Debug|Any CPU
		{CD29924E-DE70-45A7-AC31-B27A68DE524E}.Debug|Any CPU.Build.0 = Debug|Any CPU
		{CD29924E-DE70-45A7-AC31-B27A68DE524E}.Debug|iPhone.ActiveCfg = Debug|Any CPU
		{CD29924E-DE70-45A7-AC31-B27A68DE524E}.Debug|iPhone.Build.0 = Debug|Any CPU
		{CD29924E-DE70-45A7-AC31-B27A68DE524E}.Debug|iPhoneSimulator.ActiveCfg = Debug|Any CPU
		{CD29924E-DE70-45A7-AC31-B27A68DE524E}.Debug|iPhoneSimulator.Build.0 = Debug|Any CPU
		{CD29924E-DE70-45A7-AC31-B27A68DE524E}.Release|Any CPU.ActiveCfg = Release|Any CPU
		{CD29924E-DE70-45A7-AC31-B27A68DE524E}.Release|Any CPU.Build.0 = Release|Any CPU
		{CD29924E-DE70-45A7-AC31-B27A68DE524E}.Release|iPhone.ActiveCfg = Release|Any CPU
		{CD29924E-DE70-45A7-AC31-B27A68DE524E}.Release|iPhone.Build.0 = Release|Any CPU
		{CD29924E-DE70-45A7-AC31-B27A68DE524E}.Release|iPhoneSimulator.ActiveCfg = Release|Any CPU
		{CD29924E-DE70-45A7-AC31-B27A68DE524E}.Release|iPhoneSimulator.Build.0 = Release|Any CPU
	EndGlobalSection
	GlobalSection(SolutionProperties) = preSolution
		HideSolutionNode = FALSE
	EndGlobalSection
	GlobalSection(ExtensibilityGlobals) = postSolution
		SolutionGuid = {A955CFB5-1079-4EE0-A035-D74D1C13728F}
	EndGlobalSection
EndGlobal
