
Microsoft Visual Studio Solution File, Format Version 12.00
# Visual Studio Version 16
VisualStudioVersion = 16.0.31624.102
MinimumVisualStudioVersion = 10.0.40219.1
Project("{FAE04EC0-301F-11D3-BF4B-00C04F79EFBC}") = "MediaGallery.Android", "MediaGallery.Android\MediaGallery.Android.csproj", "{6C5FB63B-9920-4774-9B44-F9B31238FF80}"
EndProject
Project("{FAE04EC0-301F-11D3-BF4B-00C04F79EFBC}") = "MediaGallery", "MediaGallery\MediaGallery.csproj", "{BFE39C82-ACDF-4499-A663-91FDDBA65F89}"
EndProject
Global
	GlobalSection(SolutionConfigurationPlatforms) = preSolution
		Debug|Any CPU = Debug|Any CPU
		Release|Any CPU = Release|Any CPU
	EndGlobalSection
	GlobalSection(ProjectConfigurationPlatforms) = postSolution
		{6C5FB63B-9920-4774-9B44-F9B31238FF80}.Debug|Any CPU.ActiveCfg = Debug|Any CPU
		{6C5FB63B-9920-4774-9B44-F9B31238FF80}.Debug|Any CPU.Build.0 = Debug|Any CPU
		{6C5FB63B-9920-4774-9B44-F9B31238FF80}.Debug|Any CPU.Deploy.0 = Debug|Any CPU
		{6C5FB63B-9920-4774-9B44-F9B31238FF80}.Release|Any CPU.ActiveCfg = Release|Any CPU
		{6C5FB63B-9920-4774-9B44-F9B31238FF80}.Release|Any CPU.Build.0 = Release|Any CPU
		{6C5FB63B-9920-4774-9B44-F9B31238FF80}.Release|Any CPU.Deploy.0 = Release|Any CPU
		{BFE39C82-ACDF-4499-A663-91FDDBA65F89}.Debug|Any CPU.ActiveCfg = Debug|Any CPU
		{BFE39C82-ACDF-4499-A663-91FDDBA65F89}.Debug|Any CPU.Build.0 = Debug|Any CPU
		{BFE39C82-ACDF-4499-A663-91FDDBA65F89}.Debug|Any CPU.Deploy.0 = Debug|Any CPU
		{BFE39C82-ACDF-4499-A663-91FDDBA65F89}.Release|Any CPU.ActiveCfg = Release|Any CPU
		{BFE39C82-ACDF-4499-A663-91FDDBA65F89}.Release|Any CPU.Build.0 = Release|Any CPU
		{BFE39C82-ACDF-4499-A663-91FDDBA65F89}.Release|Any CPU.Deploy.0 = Release|Any CPU
	EndGlobalSection
	GlobalSection(SolutionProperties) = preSolution
		HideSolutionNode = FALSE
	EndGlobalSection
	GlobalSection(ExtensibilityGlobals) = postSolution
		SolutionGuid = {79776E41-E97A-4A97-990D-5CFAF51EF2DD}
	EndGlobalSection
EndGlobal
