
Microsoft Visual Studio Solution File, Format Version 12.00
# Visual Studio Version 16
VisualStudioVersion = 16.0.29806.167
MinimumVisualStudioVersion = 10.0.40219.1
Project("{FAE04EC0-301F-11D3-BF4B-00C04F79EFBC}") = "XF.Android", "XF.Android\XF.Android.csproj", "{F03D4064-92E4-4B61-BB99-A27AE1EFDEA0}"
EndProject
Project("{FAE04EC0-301F-11D3-BF4B-00C04F79EFBC}") = "XF.iOS", "XF.iOS\XF.iOS.csproj", "{7BF8F016-E900-4D3E-9F32-6FEA75050D33}"
EndProject
Project("{9A19103F-16F7-4668-BE54-9A1E7A4F7556}") = "XF.PCL", "XF.PCL\XF.PCL.csproj", "{02D0D924-2EED-4198-9873-CE5A174FB279}"
EndProject
Global
	GlobalSection(SolutionConfigurationPlatforms) = preSolution
		Debug|Any CPU = Debug|Any CPU
		Debug|iPhone = Debug|iPhone
		Debug|iPhoneSimulator = Debug|iPhoneSimulator
		Release|Any CPU = Release|Any CPU
		Release|iPhone = Release|iPhone
		Release|iPhoneSimulator = Release|iPhoneSimulator
	EndGlobalSection
	GlobalSection(ProjectConfigurationPlatforms) = postSolution
		{F03D4064-92E4-4B61-BB99-A27AE1EFDEA0}.Debug|Any CPU.ActiveCfg = Debug|Any CPU
		{F03D4064-92E4-4B61-BB99-A27AE1EFDEA0}.Debug|Any CPU.Build.0 = Debug|Any CPU
		{F03D4064-92E4-4B61-BB99-A27AE1EFDEA0}.Debug|Any CPU.Deploy.0 = Debug|Any CPU
		{F03D4064-92E4-4B61-BB99-A27AE1EFDEA0}.Debug|iPhone.ActiveCfg = Debug|Any CPU
		{F03D4064-92E4-4B61-BB99-A27AE1EFDEA0}.Debug|iPhone.Build.0 = Debug|Any CPU
		{F03D4064-92E4-4B61-BB99-A27AE1EFDEA0}.Debug|iPhone.Deploy.0 = Debug|Any CPU
		{F03D4064-92E4-4B61-BB99-A27AE1EFDEA0}.Debug|iPhoneSimulator.ActiveCfg = Debug|Any CPU
		{F03D4064-92E4-4B61-BB99-A27AE1EFDEA0}.Debug|iPhoneSimulator.Build.0 = Debug|Any CPU
		{F03D4064-92E4-4B61-BB99-A27AE1EFDEA0}.Debug|iPhoneSimulator.Deploy.0 = Debug|Any CPU
		{F03D4064-92E4-4B61-BB99-A27AE1EFDEA0}.Release|Any CPU.ActiveCfg = Release|Any CPU
		{F03D4064-92E4-4B61-BB99-A27AE1EFDEA0}.Release|Any CPU.Build.0 = Release|Any CPU
		{F03D4064-92E4-4B61-BB99-A27AE1EFDEA0}.Release|Any CPU.Deploy.0 = Release|Any CPU
		{F03D4064-92E4-4B61-BB99-A27AE1EFDEA0}.Release|iPhone.ActiveCfg = Release|Any CPU
		{F03D4064-92E4-4B61-BB99-A27AE1EFDEA0}.Release|iPhone.Build.0 = Release|Any CPU
		{F03D4064-92E4-4B61-BB99-A27AE1EFDEA0}.Release|iPhone.Deploy.0 = Release|Any CPU
		{F03D4064-92E4-4B61-BB99-A27AE1EFDEA0}.Release|iPhoneSimulator.ActiveCfg = Release|Any CPU
		{F03D4064-92E4-4B61-BB99-A27AE1EFDEA0}.Release|iPhoneSimulator.Build.0 = Release|Any CPU
		{F03D4064-92E4-4B61-BB99-A27AE1EFDEA0}.Release|iPhoneSimulator.Deploy.0 = Release|Any CPU
		{7BF8F016-E900-4D3E-9F32-6FEA75050D33}.Debug|Any CPU.ActiveCfg = Debug|iPhoneSimulator
		{7BF8F016-E900-4D3E-9F32-6FEA75050D33}.Debug|Any CPU.Build.0 = Debug|iPhoneSimulator
		{7BF8F016-E900-4D3E-9F32-6FEA75050D33}.Debug|Any CPU.Deploy.0 = Debug|iPhoneSimulator
		{7BF8F016-E900-4D3E-9F32-6FEA75050D33}.Debug|iPhone.ActiveCfg = Debug|iPhone
		{7BF8F016-E900-4D3E-9F32-6FEA75050D33}.Debug|iPhone.Build.0 = Debug|iPhone
		{7BF8F016-E900-4D3E-9F32-6FEA75050D33}.Debug|iPhone.Deploy.0 = Debug|iPhone
		{7BF8F016-E900-4D3E-9F32-6FEA75050D33}.Debug|iPhoneSimulator.ActiveCfg = Debug|iPhoneSimulator
		{7BF8F016-E900-4D3E-9F32-6FEA75050D33}.Debug|iPhoneSimulator.Build.0 = Debug|iPhoneSimulator
		{7BF8F016-E900-4D3E-9F32-6FEA75050D33}.Debug|iPhoneSimulator.Deploy.0 = Debug|iPhoneSimulator
		{7BF8F016-E900-4D3E-9F32-6FEA75050D33}.Release|Any CPU.ActiveCfg = Release|iPhone
		{7BF8F016-E900-4D3E-9F32-6FEA75050D33}.Release|Any CPU.Build.0 = Release|iPhone
		{7BF8F016-E900-4D3E-9F32-6FEA75050D33}.Release|Any CPU.Deploy.0 = Release|iPhone
		{7BF8F016-E900-4D3E-9F32-6FEA75050D33}.Release|iPhone.ActiveCfg = Release|iPhone
		{7BF8F016-E900-4D3E-9F32-6FEA75050D33}.Release|iPhone.Build.0 = Release|iPhone
		{7BF8F016-E900-4D3E-9F32-6FEA75050D33}.Release|iPhone.Deploy.0 = Release|iPhone
		{7BF8F016-E900-4D3E-9F32-6FEA75050D33}.Release|iPhoneSimulator.ActiveCfg = Release|iPhoneSimulator
		{7BF8F016-E900-4D3E-9F32-6FEA75050D33}.Release|iPhoneSimulator.Build.0 = Release|iPhoneSimulator
		{7BF8F016-E900-4D3E-9F32-6FEA75050D33}.Release|iPhoneSimulator.Deploy.0 = Release|iPhoneSimulator
		{02D0D924-2EED-4198-9873-CE5A174FB279}.Debug|Any CPU.ActiveCfg = Debug|Any CPU
		{02D0D924-2EED-4198-9873-CE5A174FB279}.Debug|Any CPU.Build.0 = Debug|Any CPU
		{02D0D924-2EED-4198-9873-CE5A174FB279}.Debug|iPhone.ActiveCfg = Debug|Any CPU
		{02D0D924-2EED-4198-9873-CE5A174FB279}.Debug|iPhone.Build.0 = Debug|Any CPU
		{02D0D924-2EED-4198-9873-CE5A174FB279}.Debug|iPhoneSimulator.ActiveCfg = Debug|Any CPU
		{02D0D924-2EED-4198-9873-CE5A174FB279}.Debug|iPhoneSimulator.Build.0 = Debug|Any CPU
		{02D0D924-2EED-4198-9873-CE5A174FB279}.Release|Any CPU.ActiveCfg = Release|Any CPU
		{02D0D924-2EED-4198-9873-CE5A174FB279}.Release|Any CPU.Build.0 = Release|Any CPU
		{02D0D924-2EED-4198-9873-CE5A174FB279}.Release|iPhone.ActiveCfg = Release|Any CPU
		{02D0D924-2EED-4198-9873-CE5A174FB279}.Release|iPhone.Build.0 = Release|Any CPU
		{02D0D924-2EED-4198-9873-CE5A174FB279}.Release|iPhoneSimulator.ActiveCfg = Release|Any CPU
		{02D0D924-2EED-4198-9873-CE5A174FB279}.Release|iPhoneSimulator.Build.0 = Release|Any CPU
	EndGlobalSection
	GlobalSection(SolutionProperties) = preSolution
		HideSolutionNode = FALSE
	EndGlobalSection
	GlobalSection(ExtensibilityGlobals) = postSolution
		SolutionGuid = {73CF8A24-F425-447E-991F-6ADA7756F1D7}
	EndGlobalSection
EndGlobal
